
Microsoft Visual Studio Solution File, Format Version 12.00
# Visual Studio Version 17
VisualStudioVersion = 17.0.31903.59
MinimumVisualStudioVersion = 10.0.40219.1
Project("{2150E333-8FDC-42A3-9474-1A3956D46DE8}") = "src", "src", "{884EEC3B-31C4-4482-A985-EBC6A5AE93B5}"
EndProject
Project("{FAE04EC0-301F-11D3-BF4B-00C04F79EFBC}") = "MultiParadigm.Console", "src\MultiParadigm.Console\MultiParadigm.Console.csproj", "{F57B8A7B-206D-4493-92D1-497AF06156BD}"
EndProject
Global
	GlobalSection(SolutionConfigurationPlatforms) = preSolution
		Debug|Any CPU = Debug|Any CPU
		Release|Any CPU = Release|Any CPU
	EndGlobalSection
	GlobalSection(SolutionProperties) = preSolution
		HideSolutionNode = FALSE
	EndGlobalSection
	GlobalSection(ProjectConfigurationPlatforms) = postSolution
		{F57B8A7B-206D-4493-92D1-497AF06156BD}.Debug|Any CPU.ActiveCfg = Debug|Any CPU
		{F57B8A7B-206D-4493-92D1-497AF06156BD}.Debug|Any CPU.Build.0 = Debug|Any CPU
		{F57B8A7B-206D-4493-92D1-497AF06156BD}.Release|Any CPU.ActiveCfg = Release|Any CPU
		{F57B8A7B-206D-4493-92D1-497AF06156BD}.Release|Any CPU.Build.0 = Release|Any CPU
	EndGlobalSection
	GlobalSection(NestedProjects) = preSolution
		{F57B8A7B-206D-4493-92D1-497AF06156BD} = {884EEC3B-31C4-4482-A985-EBC6A5AE93B5}
	EndGlobalSection
EndGlobal
